
Microsoft Visual Studio Solution File, Format Version 12.00
# Visual Studio Version 16
VisualStudioVersion = 16.0.31321.278
MinimumVisualStudioVersion = 10.0.40219.1
Project("{FAE04EC0-301F-11D3-BF4B-00C04F79EFBC}") = "FundamentalsMVC", "FundamentalsMVC\FundamentalsMVC.csproj", "{2F47103F-5646-4769-B0F0-B9C8F101A988}"
EndProject
Global
	GlobalSection(SolutionConfigurationPlatforms) = preSolution
		Debug|Any CPU = Debug|Any CPU
		Release|Any CPU = Release|Any CPU
	EndGlobalSection
	GlobalSection(ProjectConfigurationPlatforms) = postSolution
		{2F47103F-5646-4769-B0F0-B9C8F101A988}.Debug|Any CPU.ActiveCfg = Debug|Any CPU
		{2F47103F-5646-4769-B0F0-B9C8F101A988}.Debug|Any CPU.Build.0 = Debug|Any CPU
		{2F47103F-5646-4769-B0F0-B9C8F101A988}.Release|Any CPU.ActiveCfg = Release|Any CPU
		{2F47103F-5646-4769-B0F0-B9C8F101A988}.Release|Any CPU.Build.0 = Release|Any CPU
	EndGlobalSection
	GlobalSection(SolutionProperties) = preSolution
		HideSolutionNode = FALSE
	EndGlobalSection
	GlobalSection(ExtensibilityGlobals) = postSolution
		SolutionGuid = {D793B43A-6D4E-4483-A678-576F50C03412}
	EndGlobalSection
EndGlobal
